
Microsoft Visual Studio Solution File, Format Version 12.00
# Visual Studio Version 17
VisualStudioVersion = 17.4.33103.184
MinimumVisualStudioVersion = 10.0.40219.1
Project("{FAE04EC0-301F-11D3-BF4B-00C04F79EFBC}") = "ConsoleApp13", "ConsoleApp13\ConsoleApp13.csproj", "{98376FD8-AA04-4A59-A90A-F3E468E18B2B}"
EndProject
Global
	GlobalSection(SolutionConfigurationPlatforms) = preSolution
		Debug|Any CPU = Debug|Any CPU
		Release|Any CPU = Release|Any CPU
	EndGlobalSection
	GlobalSection(ProjectConfigurationPlatforms) = postSolution
		{98376FD8-AA04-4A59-A90A-F3E468E18B2B}.Debug|Any CPU.ActiveCfg = Debug|Any CPU
		{98376FD8-AA04-4A59-A90A-F3E468E18B2B}.Debug|Any CPU.Build.0 = Debug|Any CPU
		{98376FD8-AA04-4A59-A90A-F3E468E18B2B}.Release|Any CPU.ActiveCfg = Release|Any CPU
		{98376FD8-AA04-4A59-A90A-F3E468E18B2B}.Release|Any CPU.Build.0 = Release|Any CPU
	EndGlobalSection
	GlobalSection(SolutionProperties) = preSolution
		HideSolutionNode = FALSE
	EndGlobalSection
	GlobalSection(ExtensibilityGlobals) = postSolution
		SolutionGuid = {976E8B07-7FDE-46F6-81F3-7FA175B74A9C}
	EndGlobalSection
EndGlobal
